
Microsoft Visual Studio Solution File, Format Version 12.00
# Visual Studio Version 17
VisualStudioVersion = 17.13.35818.85 d17.13
MinimumVisualStudioVersion = 10.0.40219.1
Project("{FAE04EC0-301F-11D3-BF4B-00C04F79EFBC}") = "TryHards", "TryHards\TryHards.csproj", "{6FD81ECA-37A8-4863-A26B-2B03540806AF}"
EndProject
Project("{FAE04EC0-301F-11D3-BF4B-00C04F79EFBC}") = "TryHards.TestConsole", "TryHards.TestConsole\TryHards.TestConsole.csproj", "{45163E64-831D-4360-A8F3-136B5CEE216B}"
EndProject
Global
	GlobalSection(SolutionConfigurationPlatforms) = preSolution
		Debug|Any CPU = Debug|Any CPU
		Release|Any CPU = Release|Any CPU
	EndGlobalSection
	GlobalSection(ProjectConfigurationPlatforms) = postSolution
		{6FD81ECA-37A8-4863-A26B-2B03540806AF}.Debug|Any CPU.ActiveCfg = Debug|Any CPU
		{6FD81ECA-37A8-4863-A26B-2B03540806AF}.Debug|Any CPU.Build.0 = Debug|Any CPU
		{6FD81ECA-37A8-4863-A26B-2B03540806AF}.Release|Any CPU.ActiveCfg = Release|Any CPU
		{6FD81ECA-37A8-4863-A26B-2B03540806AF}.Release|Any CPU.Build.0 = Release|Any CPU
		{45163E64-831D-4360-A8F3-136B5CEE216B}.Debug|Any CPU.ActiveCfg = Debug|Any CPU
		{45163E64-831D-4360-A8F3-136B5CEE216B}.Debug|Any CPU.Build.0 = Debug|Any CPU
		{45163E64-831D-4360-A8F3-136B5CEE216B}.Release|Any CPU.ActiveCfg = Release|Any CPU
		{45163E64-831D-4360-A8F3-136B5CEE216B}.Release|Any CPU.Build.0 = Release|Any CPU
	EndGlobalSection
	GlobalSection(SolutionProperties) = preSolution
		HideSolutionNode = FALSE
	EndGlobalSection
	GlobalSection(ExtensibilityGlobals) = postSolution
		SolutionGuid = {5D90200D-D775-4877-BF67-CDE82BCCD6F2}
	EndGlobalSection
EndGlobal
